
Microsoft Visual Studio Solution File, Format Version 12.00
# Visual Studio Version 17
VisualStudioVersion = 17.7.34024.191
MinimumVisualStudioVersion = 10.0.40219.1
Project("{FAE04EC0-301F-11D3-BF4B-00C04F79EFBC}") = "Task1", "Task1\Task1.csproj", "{1BCFE084-F9A9-48DD-9E77-B4AD036B368C}"
EndProject
Global
	GlobalSection(SolutionConfigurationPlatforms) = preSolution
		Debug|Any CPU = Debug|Any CPU
		Release|Any CPU = Release|Any CPU
	EndGlobalSection
	GlobalSection(ProjectConfigurationPlatforms) = postSolution
		{1BCFE084-F9A9-48DD-9E77-B4AD036B368C}.Debug|Any CPU.ActiveCfg = Debug|Any CPU
		{1BCFE084-F9A9-48DD-9E77-B4AD036B368C}.Debug|Any CPU.Build.0 = Debug|Any CPU
		{1BCFE084-F9A9-48DD-9E77-B4AD036B368C}.Release|Any CPU.ActiveCfg = Release|Any CPU
		{1BCFE084-F9A9-48DD-9E77-B4AD036B368C}.Release|Any CPU.Build.0 = Release|Any CPU
	EndGlobalSection
	GlobalSection(SolutionProperties) = preSolution
		HideSolutionNode = FALSE
	EndGlobalSection
	GlobalSection(ExtensibilityGlobals) = postSolution
		SolutionGuid = {46DC00BE-6A14-4AAB-ADC8-A1A0BE87CE70}
	EndGlobalSection
EndGlobal
